
Microsoft Visual Studio Solution File, Format Version 12.00
# Visual Studio Version 17
VisualStudioVersion = 17.3.32901.215
MinimumVisualStudioVersion = 10.0.40219.1
Project("{FAE04EC0-301F-11D3-BF4B-00C04F79EFBC}") = "MinAPItarefa", "MinAPItarefa.csproj", "{D36493A1-F24E-480A-9853-C76B95B723C4}"
EndProject
Global
	GlobalSection(SolutionConfigurationPlatforms) = preSolution
		Debug|Any CPU = Debug|Any CPU
		Release|Any CPU = Release|Any CPU
	EndGlobalSection
	GlobalSection(ProjectConfigurationPlatforms) = postSolution
		{D36493A1-F24E-480A-9853-C76B95B723C4}.Debug|Any CPU.ActiveCfg = Debug|Any CPU
		{D36493A1-F24E-480A-9853-C76B95B723C4}.Debug|Any CPU.Build.0 = Debug|Any CPU
		{D36493A1-F24E-480A-9853-C76B95B723C4}.Release|Any CPU.ActiveCfg = Release|Any CPU
		{D36493A1-F24E-480A-9853-C76B95B723C4}.Release|Any CPU.Build.0 = Release|Any CPU
	EndGlobalSection
	GlobalSection(SolutionProperties) = preSolution
		HideSolutionNode = FALSE
	EndGlobalSection
	GlobalSection(ExtensibilityGlobals) = postSolution
		SolutionGuid = {DF51B8DC-E660-47C8-B874-D10A17496F86}
	EndGlobalSection
EndGlobal
